
Microsoft Visual Studio Solution File, Format Version 12.00
# Visual Studio 2012
Project("{FAE04EC0-301F-11D3-BF4B-00C04F79EFBC}") = "PRISM4.MAIN", "PRISM4.MAIN\PRISM4.MAIN.csproj", "{C38D2752-A2D2-4018-BEDF-6FD721C0B7C4}"
EndProject
Project("{FAE04EC0-301F-11D3-BF4B-00C04F79EFBC}") = "PRISM4.INFRASTRUCTURE", "PRISM4.INFRASTRUCTURE\PRISM4.INFRASTRUCTURE.csproj", "{BF4A5638-76FA-487F-B13C-09F1C55E16BD}"
EndProject
Project("{FAE04EC0-301F-11D3-BF4B-00C04F79EFBC}") = "PRISM4.COMPANY_LOGO_MODULE", "PRISM4.COMPANY_LOGO_MODULE\PRISM4.COMPANY_LOGO_MODULE.csproj", "{D871C621-39AB-4080-9772-39F4C09CAD66}"
EndProject
Project("{FAE04EC0-301F-11D3-BF4B-00C04F79EFBC}") = "PRISM4.APPLICATION_LOGO_MODULE", "PRISM4.APPLICATION_LOGO_MODULE\PRISM4.APPLICATION_LOGO_MODULE.csproj", "{32AD2E4F-AAED-4181-B8C2-9FA8DDAB7900}"
EndProject
Project("{FAE04EC0-301F-11D3-BF4B-00C04F79EFBC}") = "PRISM4.MATH_MODULE", "PRISM4.MATH_MODULE\PRISM4.MATH_MODULE.csproj", "{8EA79D03-D87D-4A4E-BAE3-55C2E3A1689C}"
EndProject
Project("{FAE04EC0-301F-11D3-BF4B-00C04F79EFBC}") = "PRISM4.UNIT_TEST", "PRISM4.UNIT_TEST\PRISM4.UNIT_TEST.csproj", "{3D625537-26D2-4F4A-9BC0-0EEDBE3BFC11}"
EndProject
Global
	GlobalSection(SolutionConfigurationPlatforms) = preSolution
		Debug|Any CPU = Debug|Any CPU
		Release|Any CPU = Release|Any CPU
	EndGlobalSection
	GlobalSection(ProjectConfigurationPlatforms) = postSolution
		{C38D2752-A2D2-4018-BEDF-6FD721C0B7C4}.Debug|Any CPU.ActiveCfg = Debug|Any CPU
		{C38D2752-A2D2-4018-BEDF-6FD721C0B7C4}.Debug|Any CPU.Build.0 = Debug|Any CPU
		{C38D2752-A2D2-4018-BEDF-6FD721C0B7C4}.Release|Any CPU.ActiveCfg = Release|Any CPU
		{C38D2752-A2D2-4018-BEDF-6FD721C0B7C4}.Release|Any CPU.Build.0 = Release|Any CPU
		{BF4A5638-76FA-487F-B13C-09F1C55E16BD}.Debug|Any CPU.ActiveCfg = Debug|Any CPU
		{BF4A5638-76FA-487F-B13C-09F1C55E16BD}.Debug|Any CPU.Build.0 = Debug|Any CPU
		{BF4A5638-76FA-487F-B13C-09F1C55E16BD}.Release|Any CPU.ActiveCfg = Release|Any CPU
		{BF4A5638-76FA-487F-B13C-09F1C55E16BD}.Release|Any CPU.Build.0 = Release|Any CPU
		{D871C621-39AB-4080-9772-39F4C09CAD66}.Debug|Any CPU.ActiveCfg = Debug|Any CPU
		{D871C621-39AB-4080-9772-39F4C09CAD66}.Debug|Any CPU.Build.0 = Debug|Any CPU
		{D871C621-39AB-4080-9772-39F4C09CAD66}.Release|Any CPU.ActiveCfg = Release|Any CPU
		{D871C621-39AB-4080-9772-39F4C09CAD66}.Release|Any CPU.Build.0 = Release|Any CPU
		{32AD2E4F-AAED-4181-B8C2-9FA8DDAB7900}.Debug|Any CPU.ActiveCfg = Debug|Any CPU
		{32AD2E4F-AAED-4181-B8C2-9FA8DDAB7900}.Debug|Any CPU.Build.0 = Debug|Any CPU
		{32AD2E4F-AAED-4181-B8C2-9FA8DDAB7900}.Release|Any CPU.ActiveCfg = Release|Any CPU
		{32AD2E4F-AAED-4181-B8C2-9FA8DDAB7900}.Release|Any CPU.Build.0 = Release|Any CPU
		{8EA79D03-D87D-4A4E-BAE3-55C2E3A1689C}.Debug|Any CPU.ActiveCfg = Debug|Any CPU
		{8EA79D03-D87D-4A4E-BAE3-55C2E3A1689C}.Debug|Any CPU.Build.0 = Debug|Any CPU
		{8EA79D03-D87D-4A4E-BAE3-55C2E3A1689C}.Release|Any CPU.ActiveCfg = Release|Any CPU
		{8EA79D03-D87D-4A4E-BAE3-55C2E3A1689C}.Release|Any CPU.Build.0 = Release|Any CPU
		{3D625537-26D2-4F4A-9BC0-0EEDBE3BFC11}.Debug|Any CPU.ActiveCfg = Debug|Any CPU
		{3D625537-26D2-4F4A-9BC0-0EEDBE3BFC11}.Debug|Any CPU.Build.0 = Debug|Any CPU
		{3D625537-26D2-4F4A-9BC0-0EEDBE3BFC11}.Release|Any CPU.ActiveCfg = Release|Any CPU
		{3D625537-26D2-4F4A-9BC0-0EEDBE3BFC11}.Release|Any CPU.Build.0 = Release|Any CPU
	EndGlobalSection
	GlobalSection(SolutionProperties) = preSolution
		HideSolutionNode = FALSE
	EndGlobalSection
EndGlobal
